// !$*UTF8*$!
{
	archiveVersion = 1;
	classes = {
	};
	objectVersion = 56;
	objects = {

/* Begin PBXBuildFile section */
		2A3488CD2934F10B00008F15 /* PlaySoundsViewController.swift in Sources */ = {isa = PBXBuildFile; fileRef = 2A3488CC2934F10B00008F15 /* PlaySoundsViewController.swift */; };
		2A41AC5F2933B8040001A37D /* AppDelegate.swift in Sources */ = {isa = PBXBuildFile; fileRef = 2A41AC5E2933B8040001A37D /* AppDelegate.swift */; };
		2A41AC612933B8040001A37D /* SceneDelegate.swift in Sources */ = {isa = PBXBuildFile; fileRef = 2A41AC602933B8040001A37D /* SceneDelegate.swift */; };
		2A41AC632933B8040001A37D /* RecordSoundsViewController.swift in Sources */ = {isa = PBXBuildFile; fileRef = 2A41AC622933B8040001A37D /* RecordSoundsViewController.swift */; };
		2A41AC662933B8040001A37D /* Main.storyboard in Resources */ = {isa = PBXBuildFile; fileRef = 2A41AC642933B8040001A37D /* Main.storyboard */; };
		2A41AC692933B8040001A37D /* Pitch_Perfect.xcdatamodeld in Sources */ = {isa = PBXBuildFile; fileRef = 2A41AC672933B8040001A37D /* Pitch_Perfect.xcdatamodeld */; };
		2A41AC6B2933B8050001A37D /* Assets.xcassets in Resources */ = {isa = PBXBuildFile; fileRef = 2A41AC6A2933B8050001A37D /* Assets.xcassets */; };
		2A41AC6E2933B8050001A37D /* LaunchScreen.storyboard in Resources */ = {isa = PBXBuildFile; fileRef = 2A41AC6C2933B8050001A37D /* LaunchScreen.storyboard */; };
		2A41AC792933B8050001A37D /* Pitch_PerfectTests.swift in Sources */ = {isa = PBXBuildFile; fileRef = 2A41AC782933B8050001A37D /* Pitch_PerfectTests.swift */; };
		2A41AC832933B8050001A37D /* Pitch_PerfectUITests.swift in Sources */ = {isa = PBXBuildFile; fileRef = 2A41AC822933B8050001A37D /* Pitch_PerfectUITests.swift */; };
		2A41AC852933B8050001A37D /* Pitch_PerfectUITestsLaunchTests.swift in Sources */ = {isa = PBXBuildFile; fileRef = 2A41AC842933B8050001A37D /* Pitch_PerfectUITestsLaunchTests.swift */; };
		2A4BC2CF2937401B00F88A49 /* PlaySoundsViewController+Audio.swift in Sources */ = {isa = PBXBuildFile; fileRef = 2A4BC2CE2937401B00F88A49 /* PlaySoundsViewController+Audio.swift */; };
/* End PBXBuildFile section */

/* Begin PBXContainerItemProxy section */
		2A41AC752933B8050001A37D /* PBXContainerItemProxy */ = {
			isa = PBXContainerItemProxy;
			containerPortal = 2A41AC532933B8030001A37D /* Project object */;
			proxyType = 1;
			remoteGlobalIDString = 2A41AC5A2933B8030001A37D;
			remoteInfo = "Pitch Perfect";
		};
		2A41AC7F2933B8050001A37D /* PBXContainerItemProxy */ = {
			isa = PBXContainerItemProxy;
			containerPortal = 2A41AC532933B8030001A37D /* Project object */;
			proxyType = 1;
			remoteGlobalIDString = 2A41AC5A2933B8030001A37D;
			remoteInfo = "Pitch Perfect";
		};
/* End PBXContainerItemProxy section */

/* Begin PBXFileReference section */
		2A3488CC2934F10B00008F15 /* PlaySoundsViewController.swift */ = {isa = PBXFileReference; lastKnownFileType = sourcecode.swift; path = PlaySoundsViewController.swift; sourceTree = "<group>"; };
		2A41AC5B2933B8030001A37D /* Pitch Perfect.app */ = {isa = PBXFileReference; explicitFileType = wrapper.application; includeInIndex = 0; path = "Pitch Perfect.app"; sourceTree = BUILT_PRODUCTS_DIR; };
		2A41AC5E2933B8040001A37D /* AppDelegate.swift */ = {isa = PBXFileReference; lastKnownFileType = sourcecode.swift; path = AppDelegate.swift; sourceTree = "<group>"; };
		2A41AC602933B8040001A37D /* SceneDelegate.swift */ = {isa = PBXFileReference; lastKnownFileType = sourcecode.swift; path = SceneDelegate.swift; sourceTree = "<group>"; };
		2A41AC622933B8040001A37D /* RecordSoundsViewController.swift */ = {isa = PBXFileReference; lastKnownFileType = sourcecode.swift; path = RecordSoundsViewController.swift; sourceTree = "<group>"; };
		2A41AC652933B8040001A37D /* Base */ = {isa = PBXFileReference; lastKnownFileType = file.storyboard; name = Base; path = Base.lproj/Main.storyboard; sourceTree = "<group>"; };
		2A41AC682933B8040001A37D /* Pitch_Perfect.xcdatamodel */ = {isa = PBXFileReference; lastKnownFileType = wrapper.xcdatamodel; path = Pitch_Perfect.xcdatamodel; sourceTree = "<group>"; };
		2A41AC6A2933B8050001A37D /* Assets.xcassets */ = {isa = PBXFileReference; lastKnownFileType = folder.assetcatalog; path = Assets.xcassets; sourceTree = "<group>"; };
		2A41AC6D2933B8050001A37D /* Base */ = {isa = PBXFileReference; lastKnownFileType = file.storyboard; name = Base; path = Base.lproj/LaunchScreen.storyboard; sourceTree = "<group>"; };
		2A41AC6F2933B8050001A37D /* Info.plist */ = {isa = PBXFileReference; lastKnownFileType = text.plist.xml; path = Info.plist; sourceTree = "<group>"; };
		2A41AC742933B8050001A37D /* Pitch PerfectTests.xctest */ = {isa = PBXFileReference; explicitFileType = wrapper.cfbundle; includeInIndex = 0; path = "Pitch PerfectTests.xctest"; sourceTree = BUILT_PRODUCTS_DIR; };
		2A41AC782933B8050001A37D /* Pitch_PerfectTests.swift */ = {isa = PBXFileReference; lastKnownFileType = sourcecode.swift; path = Pitch_PerfectTests.swift; sourceTree = "<group>"; };
		2A41AC7E2933B8050001A37D /* Pitch PerfectUITests.xctest */ = {isa = PBXFileReference; explicitFileType = wrapper.cfbundle; includeInIndex = 0; path = "Pitch PerfectUITests.xctest"; sourceTree = BUILT_PRODUCTS_DIR; };
		2A41AC822933B8050001A37D /* Pitch_PerfectUITests.swift */ = {isa = PBXFileReference; lastKnownFileType = sourcecode.swift; path = Pitch_PerfectUITests.swift; sourceTree = "<group>"; };
		2A41AC842933B8050001A37D /* Pitch_PerfectUITestsLaunchTests.swift */ = {isa = PBXFileReference; lastKnownFileType = sourcecode.swift; path = Pitch_PerfectUITestsLaunchTests.swift; sourceTree = "<group>"; };
		2A4BC2CE2937401B00F88A49 /* PlaySoundsViewController+Audio.swift */ = {isa = PBXFileReference; lastKnownFileType = sourcecode.swift; path = "PlaySoundsViewController+Audio.swift"; sourceTree = "<group>"; };
/* End PBXFileReference section */

/* Begin PBXFrameworksBuildPhase section */
		2A41AC582933B8030001A37D /* Frameworks */ = {
			isa = PBXFrameworksBuildPhase;
			buildActionMask = 2147483647;
			files = (
			);
			runOnlyForDeploymentPostprocessing = 0;
		};
		2A41AC712933B8050001A37D /* Frameworks */ = {
			isa = PBXFrameworksBuildPhase;
			buildActionMask = 2147483647;
			files = (
			);
			runOnlyForDeploymentPostprocessing = 0;
		};
		2A41AC7B2933B8050001A37D /* Frameworks */ = {
			isa = PBXFrameworksBuildPhase;
			buildActionMask = 2147483647;
			files = (
			);
			runOnlyForDeploymentPostprocessing = 0;
		};
/* End PBXFrameworksBuildPhase section */

/* Begin PBXGroup section */
		2A41AC522933B8030001A37D = {
			isa = PBXGroup;
			children = (
				2A41AC5D2933B8030001A37D /* Pitch Perfect */,
				2A41AC772933B8050001A37D /* Pitch PerfectTests */,
				2A41AC812933B8050001A37D /* Pitch PerfectUITests */,
				2A41AC5C2933B8030001A37D /* Products */,
			);
			sourceTree = "<group>";
		};
		2A41AC5C2933B8030001A37D /* Products */ = {
			isa = PBXGroup;
			children = (
				2A41AC5B2933B8030001A37D /* Pitch Perfect.app */,
				2A41AC742933B8050001A37D /* Pitch PerfectTests.xctest */,
				2A41AC7E2933B8050001A37D /* Pitch PerfectUITests.xctest */,
			);
			name = Products;
			sourceTree = "<group>";
		};
		2A41AC5D2933B8030001A37D /* Pitch Perfect */ = {
			isa = PBXGroup;
			children = (
				2A41AC5E2933B8040001A37D /* AppDelegate.swift */,
				2A41AC602933B8040001A37D /* SceneDelegate.swift */,
				2A41AC622933B8040001A37D /* RecordSoundsViewController.swift */,
				2A41AC642933B8040001A37D /* Main.storyboard */,
				2A41AC6A2933B8050001A37D /* Assets.xcassets */,
				2A41AC6C2933B8050001A37D /* LaunchScreen.storyboard */,
				2A41AC6F2933B8050001A37D /* Info.plist */,
				2A41AC672933B8040001A37D /* Pitch_Perfect.xcdatamodeld */,
				2A3488CC2934F10B00008F15 /* PlaySoundsViewController.swift */,
				2A4BC2CE2937401B00F88A49 /* PlaySoundsViewController+Audio.swift */,
			);
			path = "Pitch Perfect";
			sourceTree = "<group>";
		};
		2A41AC772933B8050001A37D /* Pitch PerfectTests */ = {
			isa = PBXGroup;
			children = (
				2A41AC782933B8050001A37D /* Pitch_PerfectTests.swift */,
			);
			path = "Pitch PerfectTests";
			sourceTree = "<group>";
		};
		2A41AC812933B8050001A37D /* Pitch PerfectUITests */ = {
			isa = PBXGroup;
			children = (
				2A41AC822933B8050001A37D /* Pitch_PerfectUITests.swift */,
				2A41AC842933B8050001A37D /* Pitch_PerfectUITestsLaunchTests.swift */,
			);
			path = "Pitch PerfectUITests";
			sourceTree = "<group>";
		};
/* End PBXGroup section */

/* Begin PBXNativeTarget section */
		2A41AC5A2933B8030001A37D /* Pitch Perfect */ = {
			isa = PBXNativeTarget;
			buildConfigurationList = 2A41AC882933B8050001A37D /* Build configuration list for PBXNativeTarget "Pitch Perfect" */;
			buildPhases = (
				2A41AC572933B8030001A37D /* Sources */,
				2A41AC582933B8030001A37D /* Frameworks */,
				2A41AC592933B8030001A37D /* Resources */,
			);
			buildRules = (
			);
			dependencies = (
			);
			name = "Pitch Perfect";
			productName = "Pitch Perfect";
			productReference = 2A41AC5B2933B8030001A37D /* Pitch Perfect.app */;
			productType = "com.apple.product-type.application";
		};
		2A41AC732933B8050001A37D /* Pitch PerfectTests */ = {
			isa = PBXNativeTarget;
			buildConfigurationList = 2A41AC8B2933B8050001A37D /* Build configuration list for PBXNativeTarget "Pitch PerfectTests" */;
			buildPhases = (
				2A41AC702933B8050001A37D /* Sources */,
				2A41AC712933B8050001A37D /* Frameworks */,
				2A41AC722933B8050001A37D /* Resources */,
			);
			buildRules = (
			);
			dependencies = (
				2A41AC762933B8050001A37D /* PBXTargetDependency */,
			);
			name = "Pitch PerfectTests";
			productName = "Pitch PerfectTests";
			productReference = 2A41AC742933B8050001A37D /* Pitch PerfectTests.xctest */;
			productType = "com.apple.product-type.bundle.unit-test";
		};
		2A41AC7D2933B8050001A37D /* Pitch PerfectUITests */ = {
			isa = PBXNativeTarget;
			buildConfigurationList = 2A41AC8E2933B8050001A37D /* Build configuration list for PBXNativeTarget "Pitch PerfectUITests" */;
			buildPhases = (
				2A41AC7A2933B8050001A37D /* Sources */,
				2A41AC7B2933B8050001A37D /* Frameworks */,
				2A41AC7C2933B8050001A37D /* Resources */,
			);
			buildRules = (
			);
			dependencies = (
				2A41AC802933B8050001A37D /* PBXTargetDependency */,
			);
			name = "Pitch PerfectUITests";
			productName = "Pitch PerfectUITests";
			productReference = 2A41AC7E2933B8050001A37D /* Pitch PerfectUITests.xctest */;
			productType = "com.apple.product-type.bundle.ui-testing";
		};
/* End PBXNativeTarget section */

/* Begin PBXProject section */
		2A41AC532933B8030001A37D /* Project object */ = {
			isa = PBXProject;
			attributes = {
				BuildIndependentTargetsInParallel = 1;
				LastSwiftUpdateCheck = 1410;
				LastUpgradeCheck = 1410;
				TargetAttributes = {
					2A41AC5A2933B8030001A37D = {
						CreatedOnToolsVersion = 14.1;
					};
					2A41AC732933B8050001A37D = {
						CreatedOnToolsVersion = 14.1;
						TestTargetID = 2A41AC5A2933B8030001A37D;
					};
					2A41AC7D2933B8050001A37D = {
						CreatedOnToolsVersion = 14.1;
						TestTargetID = 2A41AC5A2933B8030001A37D;
					};
				};
			};
			buildConfigurationList = 2A41AC562933B8030001A37D /* Build configuration list for PBXProject "Pitch Perfect" */;
			compatibilityVersion = "Xcode 14.0";
			developmentRegion = en;
			hasScannedForEncodings = 0;
			knownRegions = (
				en,
				Base,
			);
			mainGroup = 2A41AC522933B8030001A37D;
			productRefGroup = 2A41AC5C2933B8030001A37D /* Products */;
			projectDirPath = "";
			projectRoot = "";
			targets = (
				2A41AC5A2933B8030001A37D /* Pitch Perfect */,
				2A41AC732933B8050001A37D /* Pitch PerfectTests */,
				2A41AC7D2933B8050001A37D /* Pitch PerfectUITests */,
			);
		};
/* End PBXProject section */

/* Begin PBXResourcesBuildPhase section */
		2A41AC592933B8030001A37D /* Resources */ = {
			isa = PBXResourcesBuildPhase;
			buildActionMask = 2147483647;
			files = (
				2A41AC6E2933B8050001A37D /* LaunchScreen.storyboard in Resources */,
				2A41AC6B2933B8050001A37D /* Assets.xcassets in Resources */,
				2A41AC662933B8040001A37D /* Main.storyboard in Resources */,
			);
			runOnlyForDeploymentPostprocessing = 0;
		};
		2A41AC722933B8050001A37D /* Resources */ = {
			isa = PBXResourcesBuildPhase;
			buildActionMask = 2147483647;
			files = (
			);
			runOnlyForDeploymentPostprocessing = 0;
		};
		2A41AC7C2933B8050001A37D /* Resources */ = {
			isa = PBXResourcesBuildPhase;
			buildActionMask = 2147483647;
			files = (
			);
			runOnlyForDeploymentPostprocessing = 0;
		};
/* End PBXResourcesBuildPhase section */

/* Begin PBXSourcesBuildPhase section */
		2A41AC572933B8030001A37D /* Sources */ = {
			isa = PBXSourcesBuildPhase;
			buildActionMask = 2147483647;
			files = (
				2A41AC632933B8040001A37D /* RecordSoundsViewController.swift in Sources */,
				2A4BC2CF2937401B00F88A49 /* PlaySoundsViewController+Audio.swift in Sources */,
				2A41AC5F2933B8040001A37D /* AppDelegate.swift in Sources */,
				2A41AC692933B8040001A37D /* Pitch_Perfect.xcdatamodeld in Sources */,
				2A3488CD2934F10B00008F15 /* PlaySoundsViewController.swift in Sources */,
				2A41AC612933B8040001A37D /* SceneDelegate.swift in Sources */,
			);
			runOnlyForDeploymentPostprocessing = 0;
		};
		2A41AC702933B8050001A37D /* Sources */ = {
			isa = PBXSourcesBuildPhase;
			buildActionMask = 2147483647;
			files = (
				2A41AC792933B8050001A37D /* Pitch_PerfectTests.swift in Sources */,
			);
			runOnlyForDeploymentPostprocessing = 0;
		};
		2A41AC7A2933B8050001A37D /* Sources */ = {
			isa = PBXSourcesBuildPhase;
			buildActionMask = 2147483647;
			files = (
				2A41AC832933B8050001A37D /* Pitch_PerfectUITests.swift in Sources */,
				2A41AC852933B8050001A37D /* Pitch_PerfectUITestsLaunchTests.swift in Sources */,
			);
			runOnlyForDeploymentPostprocessing = 0;
		};
/* End PBXSourcesBuildPhase section */

/* Begin PBXTargetDependency section */
		2A41AC762933B8050001A37D /* PBXTargetDependency */ = {
			isa = PBXTargetDependency;
			target = 2A41AC5A2933B8030001A37D /* Pitch Perfect */;
			targetProxy = 2A41AC752933B8050001A37D /* PBXContainerItemProxy */;
		};
		2A41AC802933B8050001A37D /* PBXTargetDependency */ = {
			isa = PBXTargetDependency;
			target = 2A41AC5A2933B8030001A37D /* Pitch Perfect */;
			targetProxy = 2A41AC7F2933B8050001A37D /* PBXContainerItemProxy */;
		};
/* End PBXTargetDependency section */

/* Begin PBXVariantGroup section */
		2A41AC642933B8040001A37D /* Main.storyboard */ = {
			isa = PBXVariantGroup;
			children = (
				2A41AC652933B8040001A37D /* Base */,
			);
			name = Main.storyboard;
			sourceTree = "<group>";
		};
		2A41AC6C2933B8050001A37D /* LaunchScreen.storyboard */ = {
			isa = PBXVariantGroup;
			children = (
				2A41AC6D2933B8050001A37D /* Base */,
			);
			name = LaunchScreen.storyboard;
			sourceTree = "<group>";
		};
/* End PBXVariantGroup section */

/* Begin XCBuildConfiguration section */
		2A41AC862933B8050001A37D /* Debug */ = {
			isa = XCBuildConfiguration;
			buildSettings = {
				ALWAYS_SEARCH_USER_PATHS = NO;
				CLANG_ANALYZER_NONNULL = YES;
				CLANG_ANALYZER_NUMBER_OBJECT_CONVERSION = YES_AGGRESSIVE;
				CLANG_CXX_LANGUAGE_STANDARD = "gnu++20";
				CLANG_ENABLE_MODULES = YES;
				CLANG_ENABLE_OBJC_ARC = YES;
				CLANG_ENABLE_OBJC_WEAK = YES;
				CLANG_WARN_BLOCK_CAPTURE_AUTORELEASING = YES;
				CLANG_WARN_BOOL_CONVERSION = YES;
				CLANG_WARN_COMMA = YES;
				CLANG_WARN_CONSTANT_CONVERSION = YES;
				CLANG_WARN_DEPRECATED_OBJC_IMPLEMENTATIONS = YES;
				CLANG_WARN_DIRECT_OBJC_ISA_USAGE = YES_ERROR;
				CLANG_WARN_DOCUMENTATION_COMMENTS = YES;
				CLANG_WARN_EMPTY_BODY = YES;
				CLANG_WARN_ENUM_CONVERSION = YES;
				CLANG_WARN_INFINITE_RECURSION = YES;
				CLANG_WARN_INT_CONVERSION = YES;
				CLANG_WARN_NON_LITERAL_NULL_CONVERSION = YES;
				CLANG_WARN_OBJC_IMPLICIT_RETAIN_SELF = YES;
				CLANG_WARN_OBJC_LITERAL_CONVERSION = YES;
				CLANG_WARN_OBJC_ROOT_CLASS = YES_ERROR;
				CLANG_WARN_QUOTED_INCLUDE_IN_FRAMEWORK_HEADER = YES;
				CLANG_WARN_RANGE_LOOP_ANALYSIS = YES;
				CLANG_WARN_STRICT_PROTOTYPES = YES;
				CLANG_WARN_SUSPICIOUS_MOVE = YES;
				CLANG_WARN_UNGUARDED_AVAILABILITY = YES_AGGRESSIVE;
				CLANG_WARN_UNREACHABLE_CODE = YES;
				CLANG_WARN__DUPLICATE_METHOD_MATCH = YES;
				COPY_PHASE_STRIP = NO;
				DEBUG_INFORMATION_FORMAT = dwarf;
				ENABLE_STRICT_OBJC_MSGSEND = YES;
				ENABLE_TESTABILITY = YES;
				GCC_C_LANGUAGE_STANDARD = gnu11;
				GCC_DYNAMIC_NO_PIC = NO;
				GCC_NO_COMMON_BLOCKS = YES;
				GCC_OPTIMIZATION_LEVEL = 0;
				GCC_PREPROCESSOR_DEFINITIONS = (
					"DEBUG=1",
					"$(inherited)",
				);
				GCC_WARN_64_TO_32_BIT_CONVERSION = YES;
				GCC_WARN_ABOUT_RETURN_TYPE = YES_ERROR;
				GCC_WARN_UNDECLARED_SELECTOR = YES;
				GCC_WARN_UNINITIALIZED_AUTOS = YES_AGGRESSIVE;
				GCC_WARN_UNUSED_FUNCTION = YES;
				GCC_WARN_UNUSED_VARIABLE = YES;
				IPHONEOS_DEPLOYMENT_TARGET = 16.1;
				MTL_ENABLE_DEBUG_INFO = INCLUDE_SOURCE;
				MTL_FAST_MATH = YES;
				ONLY_ACTIVE_ARCH = YES;
				SDKROOT = iphoneos;
				SWIFT_ACTIVE_COMPILATION_CONDITIONS = DEBUG;
				SWIFT_OPTIMIZATION_LEVEL = "-Onone";
			};
			name = Debug;
		};
		2A41AC872933B8050001A37D /* Release */ = {
			isa = XCBuildConfiguration;
			buildSettings = {
				ALWAYS_SEARCH_USER_PATHS = NO;
				CLANG_ANALYZER_NONNULL = YES;
				CLANG_ANALYZER_NUMBER_OBJECT_CONVERSION = YES_AGGRESSIVE;
				CLANG_CXX_LANGUAGE_STANDARD = "gnu++20";
				CLANG_ENABLE_MODULES = YES;
				CLANG_ENABLE_OBJC_ARC = YES;
				CLANG_ENABLE_OBJC_WEAK = YES;
				CLANG_WARN_BLOCK_CAPTURE_AUTORELEASING = YES;
				CLANG_WARN_BOOL_CONVERSION = YES;
				CLANG_WARN_COMMA = YES;
				CLANG_WARN_CONSTANT_CONVERSION = YES;
				CLANG_WARN_DEPRECATED_OBJC_IMPLEMENTATIONS = YES;
				CLANG_WARN_DIRECT_OBJC_ISA_USAGE = YES_ERROR;
				CLANG_WARN_DOCUMENTATION_COMMENTS = YES;
				CLANG_WARN_EMPTY_BODY = YES;
				CLANG_WARN_ENUM_CONVERSION = YES;
				CLANG_WARN_INFINITE_RECURSION = YES;
				CLANG_WARN_INT_CONVERSION = YES;
				CLANG_WARN_NON_LITERAL_NULL_CONVERSION = YES;
				CLANG_WARN_OBJC_IMPLICIT_RETAIN_SELF = YES;
				CLANG_WARN_OBJC_LITERAL_CONVERSION = YES;
				CLANG_WARN_OBJC_ROOT_CLASS = YES_ERROR;
				CLANG_WARN_QUOTED_INCLUDE_IN_FRAMEWORK_HEADER = YES;
				CLANG_WARN_RANGE_LOOP_ANALYSIS = YES;
				CLANG_WARN_STRICT_PROTOTYPES = YES;
				CLANG_WARN_SUSPICIOUS_MOVE = YES;
				CLANG_WARN_UNGUARDED_AVAILABILITY = YES_AGGRESSIVE;
				CLANG_WARN_UNREACHABLE_CODE = YES;
				CLANG_WARN__DUPLICATE_METHOD_MATCH = YES;
				COPY_PHASE_STRIP = NO;
				DEBUG_INFORMATION_FORMAT = "dwarf-with-dsym";
				ENABLE_NS_ASSERTIONS = NO;
				ENABLE_STRICT_OBJC_MSGSEND = YES;
				GCC_C_LANGUAGE_STANDARD = gnu11;
				GCC_NO_COMMON_BLOCKS = YES;
				GCC_WARN_64_TO_32_BIT_CONVERSION = YES;
				GCC_WARN_ABOUT_RETURN_TYPE = YES_ERROR;
				GCC_WARN_UNDECLARED_SELECTOR = YES;
				GCC_WARN_UNINITIALIZED_AUTOS = YES_AGGRESSIVE;
				GCC_WARN_UNUSED_FUNCTION = YES;
				GCC_WARN_UNUSED_VARIABLE = YES;
				IPHONEOS_DEPLOYMENT_TARGET = 16.1;
				MTL_ENABLE_DEBUG_INFO = NO;
				MTL_FAST_MATH = YES;
				SDKROOT = iphoneos;
				SWIFT_COMPILATION_MODE = wholemodule;
				SWIFT_OPTIMIZATION_LEVEL = "-O";
				VALIDATE_PRODUCT = YES;
			};
			name = Release;
		};
		2A41AC892933B8050001A37D /* Debug */ = {
			isa = XCBuildConfiguration;
			buildSettings = {
				ASSETCATALOG_COMPILER_APPICON_NAME = AppIcon;
				ASSETCATALOG_COMPILER_GLOBAL_ACCENT_COLOR_NAME = AccentColor;
				CODE_SIGN_STYLE = Automatic;
				CURRENT_PROJECT_VERSION = 1;
				GENERATE_INFOPLIST_FILE = YES;
				INFOPLIST_FILE = "Pitch Perfect/Info.plist";
				INFOPLIST_KEY_UIApplicationSupportsIndirectInputEvents = YES;
				INFOPLIST_KEY_UILaunchStoryboardName = LaunchScreen;
				INFOPLIST_KEY_UIMainStoryboardFile = Main;
				INFOPLIST_KEY_UISupportedInterfaceOrientations_iPad = "UIInterfaceOrientationPortrait UIInterfaceOrientationPortraitUpsideDown UIInterfaceOrientationLandscapeLeft UIInterfaceOrientationLandscapeRight";
				INFOPLIST_KEY_UISupportedInterfaceOrientations_iPhone = "UIInterfaceOrientationPortrait UIInterfaceOrientationLandscapeLeft UIInterfaceOrientationLandscapeRight";
				LD_RUNPATH_SEARCH_PATHS = (
					"$(inherited)",
					"@executable_path/Frameworks",
				);
				MARKETING_VERSION = 1.0;
				PRODUCT_BUNDLE_IDENTIFIER = "safarifont.Pitch-Perfect";
				PRODUCT_NAME = "$(TARGET_NAME)";
				SWIFT_EMIT_LOC_STRINGS = YES;
				SWIFT_VERSION = 5.0;
				TARGETED_DEVICE_FAMILY = "1,2";
			};
			name = Debug;
		};
		2A41AC8A2933B8050001A37D /* Release */ = {
			isa = XCBuildConfiguration;
			buildSettings = {
				ASSETCATALOG_COMPILER_APPICON_NAME = AppIcon;
				ASSETCATALOG_COMPILER_GLOBAL_ACCENT_COLOR_NAME = AccentColor;
				CODE_SIGN_STYLE = Automatic;
				CURRENT_PROJECT_VERSION = 1;
				GENERATE_INFOPLIST_FILE = YES;
				INFOPLIST_FILE = "Pitch Perfect/Info.plist";
				INFOPLIST_KEY_UIApplicationSupportsIndirectInputEvents = YES;
				INFOPLIST_KEY_UILaunchStoryboardName = LaunchScreen;
				INFOPLIST_KEY_UIMainStoryboardFile = Main;
				INFOPLIST_KEY_UISupportedInterfaceOrientations_iPad = "UIInterfaceOrientationPortrait UIInterfaceOrientationPortraitUpsideDown UIInterfaceOrientationLandscapeLeft UIInterfaceOrientationLandscapeRight";
				INFOPLIST_KEY_UISupportedInterfaceOrientations_iPhone = "UIInterfaceOrientationPortrait UIInterfaceOrientationLandscapeLeft UIInterfaceOrientationLandscapeRight";
				LD_RUNPATH_SEARCH_PATHS = (
					"$(inherited)",
					"@executable_path/Frameworks",
				);
				MARKETING_VERSION = 1.0;
				PRODUCT_BUNDLE_IDENTIFIER = "safarifont.Pitch-Perfect";
				PRODUCT_NAME = "$(TARGET_NAME)";
				SWIFT_EMIT_LOC_STRINGS = YES;
				SWIFT_VERSION = 5.0;
				TARGETED_DEVICE_FAMILY = "1,2";
			};
			name = Release;
		};
		2A41AC8C2933B8050001A37D /* Debug */ = {
			isa = XCBuildConfiguration;
			buildSettings = {
				ALWAYS_EMBED_SWIFT_STANDARD_LIBRARIES = YES;
				BUNDLE_LOADER = "$(TEST_HOST)";
				CODE_SIGN_STYLE = Automatic;
				CURRENT_PROJECT_VERSION = 1;
				GENERATE_INFOPLIST_FILE = YES;
				IPHONEOS_DEPLOYMENT_TARGET = 16.1;
				MARKETING_VERSION = 1.0;
				PRODUCT_BUNDLE_IDENTIFIER = "safarifont.Pitch-PerfectTests";
				PRODUCT_NAME = "$(TARGET_NAME)";
				SWIFT_EMIT_LOC_STRINGS = NO;
				SWIFT_VERSION = 5.0;
				TARGETED_DEVICE_FAMILY = "1,2";
				TEST_HOST = "$(BUILT_PRODUCTS_DIR)/Pitch Perfect.app/$(BUNDLE_EXECUTABLE_FOLDER_PATH)/Pitch Perfect";
			};
			name = Debug;
		};
		2A41AC8D2933B8050001A37D /* Release */ = {
			isa = XCBuildConfiguration;
			buildSettings = {
				ALWAYS_EMBED_SWIFT_STANDARD_LIBRARIES = YES;
				BUNDLE_LOADER = "$(TEST_HOST)";
				CODE_SIGN_STYLE = Automatic;
				CURRENT_PROJECT_VERSION = 1;
				GENERATE_INFOPLIST_FILE = YES;
				IPHONEOS_DEPLOYMENT_TARGET = 16.1;
				MARKETING_VERSION = 1.0;
				PRODUCT_BUNDLE_IDENTIFIER = "safarifont.Pitch-PerfectTests";
				PRODUCT_NAME = "$(TARGET_NAME)";
				SWIFT_EMIT_LOC_STRINGS = NO;
				SWIFT_VERSION = 5.0;
				TARGETED_DEVICE_FAMILY = "1,2";
				TEST_HOST = "$(BUILT_PRODUCTS_DIR)/Pitch Perfect.app/$(BUNDLE_EXECUTABLE_FOLDER_PATH)/Pitch Perfect";
			};
			name = Release;
		};
		2A41AC8F2933B8050001A37D /* Debug */ = {
			isa = XCBuildConfiguration;
			buildSettings = {
				ALWAYS_EMBED_SWIFT_STANDARD_LIBRARIES = YES;
				CODE_SIGN_STYLE = Automatic;
				CURRENT_PROJECT_VERSION = 1;
				GENERATE_INFOPLIST_FILE = YES;
				MARKETING_VERSION = 1.0;
				PRODUCT_BUNDLE_IDENTIFIER = "safarifont.Pitch-PerfectUITests";
				PRODUCT_NAME = "$(TARGET_NAME)";
				SWIFT_EMIT_LOC_STRINGS = NO;
				SWIFT_VERSION = 5.0;
				TARGETED_DEVICE_FAMILY = "1,2";
				TEST_TARGET_NAME = "Pitch Perfect";
			};
			name = Debug;
		};
		2A41AC902933B8050001A37D /* Release */ = {
			isa = XCBuildConfiguration;
			buildSettings = {
				ALWAYS_EMBED_SWIFT_STANDARD_LIBRARIES = YES;
				CODE_SIGN_STYLE = Automatic;
				CURRENT_PROJECT_VERSION = 1;
				GENERATE_INFOPLIST_FILE = YES;
				MARKETING_VERSION = 1.0;
				PRODUCT_BUNDLE_IDENTIFIER = "safarifont.Pitch-PerfectUITests";
				PRODUCT_NAME = "$(TARGET_NAME)";
				SWIFT_EMIT_LOC_STRINGS = NO;
				SWIFT_VERSION = 5.0;
				TARGETED_DEVICE_FAMILY = "1,2";
				TEST_TARGET_NAME = "Pitch Perfect";
			};
			name = Release;
		};
/* End XCBuildConfiguration section */

/* Begin XCConfigurationList section */
		2A41AC562933B8030001A37D /* Build configuration list for PBXProject "Pitch Perfect" */ = {
			isa = XCConfigurationList;
			buildConfigurations = (
				2A41AC862933B8050001A37D /* Debug */,
				2A41AC872933B8050001A37D /* Release */,
			);
			defaultConfigurationIsVisible = 0;
			defaultConfigurationName = Release;
		};
		2A41AC882933B8050001A37D /* Build configuration list for PBXNativeTarget "Pitch Perfect" */ = {
			isa = XCConfigurationList;
			buildConfigurations = (
				2A41AC892933B8050001A37D /* Debug */,
				2A41AC8A2933B8050001A37D /* Release */,
			);
			defaultConfigurationIsVisible = 0;
			defaultConfigurationName = Release;
		};
		2A41AC8B2933B8050001A37D /* Build configuration list for PBXNativeTarget "Pitch PerfectTests" */ = {
			isa = XCConfigurationList;
			buildConfigurations = (
				2A41AC8C2933B8050001A37D /* Debug */,
				2A41AC8D2933B8050001A37D /* Release */,
			);
			defaultConfigurationIsVisible = 0;
			defaultConfigurationName = Release;
		};
		2A41AC8E2933B8050001A37D /* Build configuration list for PBXNativeTarget "Pitch PerfectUITests" */ = {
			isa = XCConfigurationList;
			buildConfigurations = (
				2A41AC8F2933B8050001A37D /* Debug */,
				2A41AC902933B8050001A37D /* Release */,
			);
			defaultConfigurationIsVisible = 0;
			defaultConfigurationName = Release;
		};
/* End XCConfigurationList section */

/* Begin XCVersionGroup section */
		2A41AC672933B8040001A37D /* Pitch_Perfect.xcdatamodeld */ = {
			isa = XCVersionGroup;
			children = (
				2A41AC682933B8040001A37D /* Pitch_Perfect.xcdatamodel */,
			);
			currentVersion = 2A41AC682933B8040001A37D /* Pitch_Perfect.xcdatamodel */;
			path = Pitch_Perfect.xcdatamodeld;
			sourceTree = "<group>";
			versionGroupType = wrapper.xcdatamodel;
		};
/* End XCVersionGroup section */
	};
	rootObject = 2A41AC532933B8030001A37D /* Project object */;
}
